<Solution>
  <Project Path="Imagenes/Imagenes.csproj" Id="936e1111-a603-448c-b4b5-3c2c8235bf47" />
  <Project Path="JuegoEdad/JuegoEdad.csproj" />
  <Project Path="Tragamonedas/Tragamonedas.csproj" />
  <Project Path="TragamonedasV2/TragamonedasV2.csproj" Id="5b6c881e-ec08-4166-a525-34b0960192c6" />
</Solution>
